
Microsoft Visual Studio Solution File, Format Version 12.00
# Visual Studio 14
VisualStudioVersion = 14.0.24720.0
MinimumVisualStudioVersion = 10.0.40219.1
Project("{FAE04EC0-301F-11D3-BF4B-00C04F79EFBC}") = "MySweepstakes", "Sweepstakes\MySweepstakes.csproj", "{79DAA549-39EF-4BED-854B-E02431D167CA}"
EndProject
Global
	GlobalSection(SolutionConfigurationPlatforms) = preSolution
		Debug|Any CPU = Debug|Any CPU
		Release|Any CPU = Release|Any CPU
	EndGlobalSection
	GlobalSection(ProjectConfigurationPlatforms) = postSolution
		{79DAA549-39EF-4BED-854B-E02431D167CA}.Debug|Any CPU.ActiveCfg = Debug|Any CPU
		{79DAA549-39EF-4BED-854B-E02431D167CA}.Debug|Any CPU.Build.0 = Debug|Any CPU
		{79DAA549-39EF-4BED-854B-E02431D167CA}.Release|Any CPU.ActiveCfg = Release|Any CPU
		{79DAA549-39EF-4BED-854B-E02431D167CA}.Release|Any CPU.Build.0 = Release|Any CPU
	EndGlobalSection
	GlobalSection(SolutionProperties) = preSolution
		HideSolutionNode = FALSE
	EndGlobalSection
EndGlobal
